
Microsoft Visual Studio Solution File, Format Version 12.00
# Visual Studio Version 16
VisualStudioVersion = 16.0.31321.278
MinimumVisualStudioVersion = 10.0.40219.1
Project("{FAE04EC0-301F-11D3-BF4B-00C04F79EFBC}") = "MrSupportV2", "MrSupportV2\MrSupportV2.csproj", "{7EDCC1B7-252C-48DE-9C56-DC9205086FDD}"
EndProject
Global
	GlobalSection(SolutionConfigurationPlatforms) = preSolution
		Debug|Any CPU = Debug|Any CPU
		Release|Any CPU = Release|Any CPU
	EndGlobalSection
	GlobalSection(ProjectConfigurationPlatforms) = postSolution
		{7EDCC1B7-252C-48DE-9C56-DC9205086FDD}.Debug|Any CPU.ActiveCfg = Debug|Any CPU
		{7EDCC1B7-252C-48DE-9C56-DC9205086FDD}.Debug|Any CPU.Build.0 = Debug|Any CPU
		{7EDCC1B7-252C-48DE-9C56-DC9205086FDD}.Release|Any CPU.ActiveCfg = Release|Any CPU
		{7EDCC1B7-252C-48DE-9C56-DC9205086FDD}.Release|Any CPU.Build.0 = Release|Any CPU
	EndGlobalSection
	GlobalSection(SolutionProperties) = preSolution
		HideSolutionNode = FALSE
	EndGlobalSection
	GlobalSection(ExtensibilityGlobals) = postSolution
		SolutionGuid = {BC1C841F-4085-4DB6-B515-EF0A6A8DF1B1}
	EndGlobalSection
EndGlobal
